
Microsoft Visual Studio Solution File, Format Version 12.00
# Visual Studio Version 17
VisualStudioVersion = 17.7.34031.279
MinimumVisualStudioVersion = 10.0.40219.1
Project("{FAE04EC0-301F-11D3-BF4B-00C04F79EFBC}") = "BlogSystem", "BlogSystem.csproj", "{C8F66C60-2B52-4C7C-A40A-E586FFB6C0B8}"
EndProject
Global
	GlobalSection(SolutionConfigurationPlatforms) = preSolution
		Debug|Any CPU = Debug|Any CPU
		Release|Any CPU = Release|Any CPU
	EndGlobalSection
	GlobalSection(ProjectConfigurationPlatforms) = postSolution
		{C8F66C60-2B52-4C7C-A40A-E586FFB6C0B8}.Debug|Any CPU.ActiveCfg = Debug|Any CPU
		{C8F66C60-2B52-4C7C-A40A-E586FFB6C0B8}.Debug|Any CPU.Build.0 = Debug|Any CPU
		{C8F66C60-2B52-4C7C-A40A-E586FFB6C0B8}.Release|Any CPU.ActiveCfg = Release|Any CPU
		{C8F66C60-2B52-4C7C-A40A-E586FFB6C0B8}.Release|Any CPU.Build.0 = Release|Any CPU
	EndGlobalSection
	GlobalSection(SolutionProperties) = preSolution
		HideSolutionNode = FALSE
	EndGlobalSection
	GlobalSection(ExtensibilityGlobals) = postSolution
		SolutionGuid = {3A56F2D0-B55E-490F-B8EE-D043759349FB}
	EndGlobalSection
EndGlobal
